
Microsoft Visual Studio Solution File, Format Version 12.00
# Visual Studio Version 17
VisualStudioVersion = 17.2.32630.192
MinimumVisualStudioVersion = 10.0.40219.1
Project("{FAE04EC0-301F-11D3-BF4B-00C04F79EFBC}") = "ServerDetails", "ServerDetails\ServerDetails.csproj", "{F78E73B8-B720-40B8-A985-4BC88EF6494A}"
EndProject
Global
	GlobalSection(SolutionConfigurationPlatforms) = preSolution
		Debug|Any CPU = Debug|Any CPU
		Release|Any CPU = Release|Any CPU
	EndGlobalSection
	GlobalSection(ProjectConfigurationPlatforms) = postSolution
		{F78E73B8-B720-40B8-A985-4BC88EF6494A}.Debug|Any CPU.ActiveCfg = Debug|Any CPU
		{F78E73B8-B720-40B8-A985-4BC88EF6494A}.Debug|Any CPU.Build.0 = Debug|Any CPU
		{F78E73B8-B720-40B8-A985-4BC88EF6494A}.Release|Any CPU.ActiveCfg = Release|Any CPU
		{F78E73B8-B720-40B8-A985-4BC88EF6494A}.Release|Any CPU.Build.0 = Release|Any CPU
	EndGlobalSection
	GlobalSection(SolutionProperties) = preSolution
		HideSolutionNode = FALSE
	EndGlobalSection
	GlobalSection(ExtensibilityGlobals) = postSolution
		SolutionGuid = {D365A96D-88AB-496D-8C85-B3B73831F374}
	EndGlobalSection
EndGlobal
